# This file is automatically @generated by Cargo.
# It is not intended for manual editing.
[[package]]
name = "lazy_static"
version = "1.4.0"
source = "registry+https://github.com/rust-lang/crates.io-index"
checksum = "e2abad23fbc42b3700f2f279844dc832adb2b2eb069b2df918f455c4e18cc646"

[[package]]
name = "libc"
version = "0.2.76"
source = "registry+https://github.com/rust-lang/crates.io-index"
checksum = "755456fae044e6fa1ebbbd1b3e902ae19e73097ed4ed87bb79934a867c007bc3"

[[package]]
name = "rpi_embedded"
version = "0.1.0"
source = "registry+https://github.com/rust-lang/crates.io-index"
checksum = "f052bc47577b54d656c0adabd2e76591bc646ab01714e1abf429aeaed83f1222"
dependencies = [
 "lazy_static",
 "libc",
]

[[package]]
name = "rust_template"
version = "0.1.0"
dependencies = [
 "rpi_embedded",
]
